// !$*UTF8*$!
{
	archiveVersion = 1;
	classes = {
	};
	objectVersion = 50;
	objects = {

/* Begin PBXBuildFile section */
		780CFF6727A4400D00EDB0D1 /* ThemeEditor.swift in Sources */ = {isa = PBXBuildFile; fileRef = 780CFF6627A4400D00EDB0D1 /* ThemeEditor.swift */; };
		780CFF6927A448FD00EDB0D1 /* UtilityExtensions.swift in Sources */ = {isa = PBXBuildFile; fileRef = 780CFF6827A448FD00EDB0D1 /* UtilityExtensions.swift */; };
		780CFF6B27A49F7D00EDB0D1 /* Theme+Extension.swift in Sources */ = {isa = PBXBuildFile; fileRef = 780CFF6A27A49F7D00EDB0D1 /* Theme+Extension.swift */; };
		782F741C26B9C9D4005C85E4 /* MemorizeApp.swift in Sources */ = {isa = PBXBuildFile; fileRef = 782F741B26B9C9D4005C85E4 /* MemorizeApp.swift */; };
		782F741E26B9C9D4005C85E4 /* EmojiMemoryGameView.swift in Sources */ = {isa = PBXBuildFile; fileRef = 782F741D26B9C9D4005C85E4 /* EmojiMemoryGameView.swift */; };
		782F742026B9C9D5005C85E4 /* Assets.xcassets in Resources */ = {isa = PBXBuildFile; fileRef = 782F741F26B9C9D5005C85E4 /* Assets.xcassets */; };
		782F742326B9C9D5005C85E4 /* Preview Assets.xcassets in Resources */ = {isa = PBXBuildFile; fileRef = 782F742226B9C9D5005C85E4 /* Preview Assets.xcassets */; };
		7871B8122753AFBB001C5395 /* MemoryGame.swift in Sources */ = {isa = PBXBuildFile; fileRef = 7871B8112753AFBB001C5395 /* MemoryGame.swift */; };
		7871B8142753B0F7001C5395 /* EmojiMemoryGame.swift in Sources */ = {isa = PBXBuildFile; fileRef = 7871B8132753B0F7001C5395 /* EmojiMemoryGame.swift */; };
		7884F54D2766718500C99F34 /* AspectVGrid.swift in Sources */ = {isa = PBXBuildFile; fileRef = 7884F54C2766718500C99F34 /* AspectVGrid.swift */; };
		7884F54F2766B1D300C99F34 /* Pie.swift in Sources */ = {isa = PBXBuildFile; fileRef = 7884F54E2766B1D300C99F34 /* Pie.swift */; };
		78BD20C9276FE24200CCB107 /* Cardify.swift in Sources */ = {isa = PBXBuildFile; fileRef = 78BD20C8276FE24200CCB107 /* Cardify.swift */; };
		78DDCCA7279F49E800072B42 /* ThemeStore.swift in Sources */ = {isa = PBXBuildFile; fileRef = 78DDCCA6279F49E800072B42 /* ThemeStore.swift */; };
		78DE37E4275EB49A0053BB6C /* Theme.swift in Sources */ = {isa = PBXBuildFile; fileRef = 78DE37E3275EB49A0053BB6C /* Theme.swift */; };
		78DE37E6275EB6EC0053BB6C /* Color+Extension.swift in Sources */ = {isa = PBXBuildFile; fileRef = 78DE37E5275EB6EC0053BB6C /* Color+Extension.swift */; };
		78F3A6AE27A0A80500F4B0DB /* ThemeChooser.swift in Sources */ = {isa = PBXBuildFile; fileRef = 78F3A6AD27A0A80500F4B0DB /* ThemeChooser.swift */; };
/* End PBXBuildFile section */

/* Begin PBXFileReference section */
		780CFF6627A4400D00EDB0D1 /* ThemeEditor.swift */ = {isa = PBXFileReference; lastKnownFileType = sourcecode.swift; path = ThemeEditor.swift; sourceTree = "<group>"; };
		780CFF6827A448FD00EDB0D1 /* UtilityExtensions.swift */ = {isa = PBXFileReference; lastKnownFileType = sourcecode.swift; path = UtilityExtensions.swift; sourceTree = "<group>"; };
		780CFF6A27A49F7D00EDB0D1 /* Theme+Extension.swift */ = {isa = PBXFileReference; lastKnownFileType = sourcecode.swift; path = "Theme+Extension.swift"; sourceTree = "<group>"; };
		782F741826B9C9D4005C85E4 /* Memorize.app */ = {isa = PBXFileReference; explicitFileType = wrapper.application; includeInIndex = 0; path = Memorize.app; sourceTree = BUILT_PRODUCTS_DIR; };
		782F741B26B9C9D4005C85E4 /* MemorizeApp.swift */ = {isa = PBXFileReference; lastKnownFileType = sourcecode.swift; path = MemorizeApp.swift; sourceTree = "<group>"; };
		782F741D26B9C9D4005C85E4 /* EmojiMemoryGameView.swift */ = {isa = PBXFileReference; lastKnownFileType = sourcecode.swift; path = EmojiMemoryGameView.swift; sourceTree = "<group>"; };
		782F741F26B9C9D5005C85E4 /* Assets.xcassets */ = {isa = PBXFileReference; lastKnownFileType = folder.assetcatalog; path = Assets.xcassets; sourceTree = "<group>"; };
		782F742226B9C9D5005C85E4 /* Preview Assets.xcassets */ = {isa = PBXFileReference; lastKnownFileType = folder.assetcatalog; path = "Preview Assets.xcassets"; sourceTree = "<group>"; };
		782F742426B9C9D5005C85E4 /* Info.plist */ = {isa = PBXFileReference; lastKnownFileType = text.plist.xml; path = Info.plist; sourceTree = "<group>"; };
		7871B8112753AFBB001C5395 /* MemoryGame.swift */ = {isa = PBXFileReference; lastKnownFileType = sourcecode.swift; path = MemoryGame.swift; sourceTree = "<group>"; };
		7871B8132753B0F7001C5395 /* EmojiMemoryGame.swift */ = {isa = PBXFileReference; lastKnownFileType = sourcecode.swift; path = EmojiMemoryGame.swift; sourceTree = "<group>"; };
		7884F54C2766718500C99F34 /* AspectVGrid.swift */ = {isa = PBXFileReference; lastKnownFileType = sourcecode.swift; path = AspectVGrid.swift; sourceTree = "<group>"; };
		7884F54E2766B1D300C99F34 /* Pie.swift */ = {isa = PBXFileReference; lastKnownFileType = sourcecode.swift; path = Pie.swift; sourceTree = "<group>"; };
		78BD20C8276FE24200CCB107 /* Cardify.swift */ = {isa = PBXFileReference; lastKnownFileType = sourcecode.swift; path = Cardify.swift; sourceTree = "<group>"; };
		78DDCCA6279F49E800072B42 /* ThemeStore.swift */ = {isa = PBXFileReference; lastKnownFileType = sourcecode.swift; path = ThemeStore.swift; sourceTree = "<group>"; };
		78DE37E3275EB49A0053BB6C /* Theme.swift */ = {isa = PBXFileReference; lastKnownFileType = sourcecode.swift; path = Theme.swift; sourceTree = "<group>"; };
		78DE37E5275EB6EC0053BB6C /* Color+Extension.swift */ = {isa = PBXFileReference; lastKnownFileType = sourcecode.swift; path = "Color+Extension.swift"; sourceTree = "<group>"; };
		78F3A6AD27A0A80500F4B0DB /* ThemeChooser.swift */ = {isa = PBXFileReference; lastKnownFileType = sourcecode.swift; path = ThemeChooser.swift; sourceTree = "<group>"; };
/* End PBXFileReference section */

/* Begin PBXFrameworksBuildPhase section */
		782F741526B9C9D4005C85E4 /* Frameworks */ = {
			isa = PBXFrameworksBuildPhase;
			buildActionMask = 2147483647;
			files = (
			);
			runOnlyForDeploymentPostprocessing = 0;
		};
/* End PBXFrameworksBuildPhase section */

/* Begin PBXGroup section */
		782F740F26B9C9D4005C85E4 = {
			isa = PBXGroup;
			children = (
				782F741A26B9C9D4005C85E4 /* Memorize */,
				782F741926B9C9D4005C85E4 /* Products */,
			);
			sourceTree = "<group>";
		};
		782F741926B9C9D4005C85E4 /* Products */ = {
			isa = PBXGroup;
			children = (
				782F741826B9C9D4005C85E4 /* Memorize.app */,
			);
			name = Products;
			sourceTree = "<group>";
		};
		782F741A26B9C9D4005C85E4 /* Memorize */ = {
			isa = PBXGroup;
			children = (
				78DE37E2275EB4670053BB6C /* Themes */,
				7871B8112753AFBB001C5395 /* MemoryGame.swift */,
				7871B8132753B0F7001C5395 /* EmojiMemoryGame.swift */,
				782F741B26B9C9D4005C85E4 /* MemorizeApp.swift */,
				782F741D26B9C9D4005C85E4 /* EmojiMemoryGameView.swift */,
				782F741F26B9C9D5005C85E4 /* Assets.xcassets */,
				782F742426B9C9D5005C85E4 /* Info.plist */,
				782F742126B9C9D5005C85E4 /* Preview Content */,
				78DE37E5275EB6EC0053BB6C /* Color+Extension.swift */,
				7884F54C2766718500C99F34 /* AspectVGrid.swift */,
				7884F54E2766B1D300C99F34 /* Pie.swift */,
				78BD20C8276FE24200CCB107 /* Cardify.swift */,
				78F3A6AD27A0A80500F4B0DB /* ThemeChooser.swift */,
				780CFF6627A4400D00EDB0D1 /* ThemeEditor.swift */,
				780CFF6827A448FD00EDB0D1 /* UtilityExtensions.swift */,
				780CFF6A27A49F7D00EDB0D1 /* Theme+Extension.swift */,
			);
			path = Memorize;
			sourceTree = "<group>";
		};
		782F742126B9C9D5005C85E4 /* Preview Content */ = {
			isa = PBXGroup;
			children = (
				782F742226B9C9D5005C85E4 /* Preview Assets.xcassets */,
			);
			path = "Preview Content";
			sourceTree = "<group>";
		};
		78DE37E2275EB4670053BB6C /* Themes */ = {
			isa = PBXGroup;
			children = (
				78DE37E3275EB49A0053BB6C /* Theme.swift */,
				78DDCCA6279F49E800072B42 /* ThemeStore.swift */,
			);
			path = Themes;
			sourceTree = "<group>";
		};
/* End PBXGroup section */

/* Begin PBXNativeTarget section */
		782F741726B9C9D4005C85E4 /* Memorize */ = {
			isa = PBXNativeTarget;
			buildConfigurationList = 782F742726B9C9D5005C85E4 /* Build configuration list for PBXNativeTarget "Memorize" */;
			buildPhases = (
				782F741426B9C9D4005C85E4 /* Sources */,
				782F741526B9C9D4005C85E4 /* Frameworks */,
				782F741626B9C9D4005C85E4 /* Resources */,
			);
			buildRules = (
			);
			dependencies = (
			);
			name = Memorize;
			productName = Memorize;
			productReference = 782F741826B9C9D4005C85E4 /* Memorize.app */;
			productType = "com.apple.product-type.application";
		};
/* End PBXNativeTarget section */

/* Begin PBXProject section */
		782F741026B9C9D4005C85E4 /* Project object */ = {
			isa = PBXProject;
			attributes = {
				LastSwiftUpdateCheck = 1250;
				LastUpgradeCheck = 1250;
				TargetAttributes = {
					782F741726B9C9D4005C85E4 = {
						CreatedOnToolsVersion = 12.5.1;
					};
				};
			};
			buildConfigurationList = 782F741326B9C9D4005C85E4 /* Build configuration list for PBXProject "Memorize" */;
			compatibilityVersion = "Xcode 9.3";
			developmentRegion = en;
			hasScannedForEncodings = 0;
			knownRegions = (
				en,
				Base,
			);
			mainGroup = 782F740F26B9C9D4005C85E4;
			productRefGroup = 782F741926B9C9D4005C85E4 /* Products */;
			projectDirPath = "";
			projectRoot = "";
			targets = (
				782F741726B9C9D4005C85E4 /* Memorize */,
			);
		};
/* End PBXProject section */

/* Begin PBXResourcesBuildPhase section */
		782F741626B9C9D4005C85E4 /* Resources */ = {
			isa = PBXResourcesBuildPhase;
			buildActionMask = 2147483647;
			files = (
				782F742326B9C9D5005C85E4 /* Preview Assets.xcassets in Resources */,
				782F742026B9C9D5005C85E4 /* Assets.xcassets in Resources */,
			);
			runOnlyForDeploymentPostprocessing = 0;
		};
/* End PBXResourcesBuildPhase section */

/* Begin PBXSourcesBuildPhase section */
		782F741426B9C9D4005C85E4 /* Sources */ = {
			isa = PBXSourcesBuildPhase;
			buildActionMask = 2147483647;
			files = (
				7871B8122753AFBB001C5395 /* MemoryGame.swift in Sources */,
				78F3A6AE27A0A80500F4B0DB /* ThemeChooser.swift in Sources */,
				780CFF6927A448FD00EDB0D1 /* UtilityExtensions.swift in Sources */,
				78DE37E6275EB6EC0053BB6C /* Color+Extension.swift in Sources */,
				7884F54F2766B1D300C99F34 /* Pie.swift in Sources */,
				78BD20C9276FE24200CCB107 /* Cardify.swift in Sources */,
				7884F54D2766718500C99F34 /* AspectVGrid.swift in Sources */,
				782F741E26B9C9D4005C85E4 /* EmojiMemoryGameView.swift in Sources */,
				78DE37E4275EB49A0053BB6C /* Theme.swift in Sources */,
				780CFF6B27A49F7D00EDB0D1 /* Theme+Extension.swift in Sources */,
				782F741C26B9C9D4005C85E4 /* MemorizeApp.swift in Sources */,
				7871B8142753B0F7001C5395 /* EmojiMemoryGame.swift in Sources */,
				780CFF6727A4400D00EDB0D1 /* ThemeEditor.swift in Sources */,
				78DDCCA7279F49E800072B42 /* ThemeStore.swift in Sources */,
			);
			runOnlyForDeploymentPostprocessing = 0;
		};
/* End PBXSourcesBuildPhase section */

/* Begin XCBuildConfiguration section */
		782F742526B9C9D5005C85E4 /* Debug */ = {
			isa = XCBuildConfiguration;
			buildSettings = {
				ALWAYS_SEARCH_USER_PATHS = NO;
				CLANG_ANALYZER_NONNULL = YES;
				CLANG_ANALYZER_NUMBER_OBJECT_CONVERSION = YES_AGGRESSIVE;
				CLANG_CXX_LANGUAGE_STANDARD = "gnu++14";
				CLANG_CXX_LIBRARY = "libc++";
				CLANG_ENABLE_MODULES = YES;
				CLANG_ENABLE_OBJC_ARC = YES;
				CLANG_ENABLE_OBJC_WEAK = YES;
				CLANG_WARN_BLOCK_CAPTURE_AUTORELEASING = YES;
				CLANG_WARN_BOOL_CONVERSION = YES;
				CLANG_WARN_COMMA = YES;
				CLANG_WARN_CONSTANT_CONVERSION = YES;
				CLANG_WARN_DEPRECATED_OBJC_IMPLEMENTATIONS = YES;
				CLANG_WARN_DIRECT_OBJC_ISA_USAGE = YES_ERROR;
				CLANG_WARN_DOCUMENTATION_COMMENTS = YES;
				CLANG_WARN_EMPTY_BODY = YES;
				CLANG_WARN_ENUM_CONVERSION = YES;
				CLANG_WARN_INFINITE_RECURSION = YES;
				CLANG_WARN_INT_CONVERSION = YES;
				CLANG_WARN_NON_LITERAL_NULL_CONVERSION = YES;
				CLANG_WARN_OBJC_IMPLICIT_RETAIN_SELF = YES;
				CLANG_WARN_OBJC_LITERAL_CONVERSION = YES;
				CLANG_WARN_OBJC_ROOT_CLASS = YES_ERROR;
				CLANG_WARN_QUOTED_INCLUDE_IN_FRAMEWORK_HEADER = YES;
				CLANG_WARN_RANGE_LOOP_ANALYSIS = YES;
				CLANG_WARN_STRICT_PROTOTYPES = YES;
				CLANG_WARN_SUSPICIOUS_MOVE = YES;
				CLANG_WARN_UNGUARDED_AVAILABILITY = YES_AGGRESSIVE;
				CLANG_WARN_UNREACHABLE_CODE = YES;
				CLANG_WARN__DUPLICATE_METHOD_MATCH = YES;
				COPY_PHASE_STRIP = NO;
				DEBUG_INFORMATION_FORMAT = dwarf;
				ENABLE_STRICT_OBJC_MSGSEND = YES;
				ENABLE_TESTABILITY = YES;
				GCC_C_LANGUAGE_STANDARD = gnu11;
				GCC_DYNAMIC_NO_PIC = NO;
				GCC_NO_COMMON_BLOCKS = YES;
				GCC_OPTIMIZATION_LEVEL = 0;
				GCC_PREPROCESSOR_DEFINITIONS = (
					"DEBUG=1",
					"$(inherited)",
				);
				GCC_WARN_64_TO_32_BIT_CONVERSION = YES;
				GCC_WARN_ABOUT_RETURN_TYPE = YES_ERROR;
				GCC_WARN_UNDECLARED_SELECTOR = YES;
				GCC_WARN_UNINITIALIZED_AUTOS = YES_AGGRESSIVE;
				GCC_WARN_UNUSED_FUNCTION = YES;
				GCC_WARN_UNUSED_VARIABLE = YES;
				IPHONEOS_DEPLOYMENT_TARGET = 14.5;
				MTL_ENABLE_DEBUG_INFO = INCLUDE_SOURCE;
				MTL_FAST_MATH = YES;
				ONLY_ACTIVE_ARCH = YES;
				SDKROOT = iphoneos;
				SWIFT_ACTIVE_COMPILATION_CONDITIONS = DEBUG;
				SWIFT_OPTIMIZATION_LEVEL = "-Onone";
			};
			name = Debug;
		};
		782F742626B9C9D5005C85E4 /* Release */ = {
			isa = XCBuildConfiguration;
			buildSettings = {
				ALWAYS_SEARCH_USER_PATHS = NO;
				CLANG_ANALYZER_NONNULL = YES;
				CLANG_ANALYZER_NUMBER_OBJECT_CONVERSION = YES_AGGRESSIVE;
				CLANG_CXX_LANGUAGE_STANDARD = "gnu++14";
				CLANG_CXX_LIBRARY = "libc++";
				CLANG_ENABLE_MODULES = YES;
				CLANG_ENABLE_OBJC_ARC = YES;
				CLANG_ENABLE_OBJC_WEAK = YES;
				CLANG_WARN_BLOCK_CAPTURE_AUTORELEASING = YES;
				CLANG_WARN_BOOL_CONVERSION = YES;
				CLANG_WARN_COMMA = YES;
				CLANG_WARN_CONSTANT_CONVERSION = YES;
				CLANG_WARN_DEPRECATED_OBJC_IMPLEMENTATIONS = YES;
				CLANG_WARN_DIRECT_OBJC_ISA_USAGE = YES_ERROR;
				CLANG_WARN_DOCUMENTATION_COMMENTS = YES;
				CLANG_WARN_EMPTY_BODY = YES;
				CLANG_WARN_ENUM_CONVERSION = YES;
				CLANG_WARN_INFINITE_RECURSION = YES;
				CLANG_WARN_INT_CONVERSION = YES;
				CLANG_WARN_NON_LITERAL_NULL_CONVERSION = YES;
				CLANG_WARN_OBJC_IMPLICIT_RETAIN_SELF = YES;
				CLANG_WARN_OBJC_LITERAL_CONVERSION = YES;
				CLANG_WARN_OBJC_ROOT_CLASS = YES_ERROR;
				CLANG_WARN_QUOTED_INCLUDE_IN_FRAMEWORK_HEADER = YES;
				CLANG_WARN_RANGE_LOOP_ANALYSIS = YES;
				CLANG_WARN_STRICT_PROTOTYPES = YES;
				CLANG_WARN_SUSPICIOUS_MOVE = YES;
				CLANG_WARN_UNGUARDED_AVAILABILITY = YES_AGGRESSIVE;
				CLANG_WARN_UNREACHABLE_CODE = YES;
				CLANG_WARN__DUPLICATE_METHOD_MATCH = YES;
				COPY_PHASE_STRIP = NO;
				DEBUG_INFORMATION_FORMAT = "dwarf-with-dsym";
				ENABLE_NS_ASSERTIONS = NO;
				ENABLE_STRICT_OBJC_MSGSEND = YES;
				GCC_C_LANGUAGE_STANDARD = gnu11;
				GCC_NO_COMMON_BLOCKS = YES;
				GCC_WARN_64_TO_32_BIT_CONVERSION = YES;
				GCC_WARN_ABOUT_RETURN_TYPE = YES_ERROR;
				GCC_WARN_UNDECLARED_SELECTOR = YES;
				GCC_WARN_UNINITIALIZED_AUTOS = YES_AGGRESSIVE;
				GCC_WARN_UNUSED_FUNCTION = YES;
				GCC_WARN_UNUSED_VARIABLE = YES;
				IPHONEOS_DEPLOYMENT_TARGET = 14.5;
				MTL_ENABLE_DEBUG_INFO = NO;
				MTL_FAST_MATH = YES;
				SDKROOT = iphoneos;
				SWIFT_COMPILATION_MODE = wholemodule;
				SWIFT_OPTIMIZATION_LEVEL = "-O";
				VALIDATE_PRODUCT = YES;
			};
			name = Release;
		};
		782F742826B9C9D5005C85E4 /* Debug */ = {
			isa = XCBuildConfiguration;
			buildSettings = {
				ASSETCATALOG_COMPILER_APPICON_NAME = AppIcon;
				ASSETCATALOG_COMPILER_GLOBAL_ACCENT_COLOR_NAME = AccentColor;
				CODE_SIGN_STYLE = Automatic;
				DEVELOPMENT_ASSET_PATHS = "\"Memorize/Preview Content\"";
				DEVELOPMENT_TEAM = BKG2E965LP;
				ENABLE_PREVIEWS = YES;
				INFOPLIST_FILE = Memorize/Info.plist;
				IPHONEOS_DEPLOYMENT_TARGET = 15.0;
				LD_RUNPATH_SEARCH_PATHS = (
					"$(inherited)",
					"@executable_path/Frameworks",
				);
				PRODUCT_BUNDLE_IDENTIFIER = com.gmail.blinnikov.Memorize;
				PRODUCT_NAME = "$(TARGET_NAME)";
				SWIFT_VERSION = 5.0;
				TARGETED_DEVICE_FAMILY = "1,2";
			};
			name = Debug;
		};
		782F742926B9C9D5005C85E4 /* Release */ = {
			isa = XCBuildConfiguration;
			buildSettings = {
				ASSETCATALOG_COMPILER_APPICON_NAME = AppIcon;
				ASSETCATALOG_COMPILER_GLOBAL_ACCENT_COLOR_NAME = AccentColor;
				CODE_SIGN_STYLE = Automatic;
				DEVELOPMENT_ASSET_PATHS = "\"Memorize/Preview Content\"";
				DEVELOPMENT_TEAM = BKG2E965LP;
				ENABLE_PREVIEWS = YES;
				INFOPLIST_FILE = Memorize/Info.plist;
				IPHONEOS_DEPLOYMENT_TARGET = 15.0;
				LD_RUNPATH_SEARCH_PATHS = (
					"$(inherited)",
					"@executable_path/Frameworks",
				);
				PRODUCT_BUNDLE_IDENTIFIER = com.gmail.blinnikov.Memorize;
				PRODUCT_NAME = "$(TARGET_NAME)";
				SWIFT_VERSION = 5.0;
				TARGETED_DEVICE_FAMILY = "1,2";
			};
			name = Release;
		};
/* End XCBuildConfiguration section */

/* Begin XCConfigurationList section */
		782F741326B9C9D4005C85E4 /* Build configuration list for PBXProject "Memorize" */ = {
			isa = XCConfigurationList;
			buildConfigurations = (
				782F742526B9C9D5005C85E4 /* Debug */,
				782F742626B9C9D5005C85E4 /* Release */,
			);
			defaultConfigurationIsVisible = 0;
			defaultConfigurationName = Release;
		};
		782F742726B9C9D5005C85E4 /* Build configuration list for PBXNativeTarget "Memorize" */ = {
			isa = XCConfigurationList;
			buildConfigurations = (
				782F742826B9C9D5005C85E4 /* Debug */,
				782F742926B9C9D5005C85E4 /* Release */,
			);
			defaultConfigurationIsVisible = 0;
			defaultConfigurationName = Release;
		};
/* End XCConfigurationList section */
	};
	rootObject = 782F741026B9C9D4005C85E4 /* Project object */;
}
